
Microsoft Visual Studio Solution File, Format Version 12.00
# Visual Studio 15
VisualStudioVersion = 15.0.28010.2048
MinimumVisualStudioVersion = 10.0.40219.1
Project("{FAE04EC0-301F-11D3-BF4B-00C04F79EFBC}") = "Abc.MvcWebUI", "Abc.MvcWebUI\Abc.MvcWebUI.csproj", "{D7EB56D8-E955-40BF-864C-AF450ACB10BB}"
EndProject
Global
	GlobalSection(SolutionConfigurationPlatforms) = preSolution
		Debug|Any CPU = Debug|Any CPU
		Release|Any CPU = Release|Any CPU
	EndGlobalSection
	GlobalSection(ProjectConfigurationPlatforms) = postSolution
		{D7EB56D8-E955-40BF-864C-AF450ACB10BB}.Debug|Any CPU.ActiveCfg = Debug|Any CPU
		{D7EB56D8-E955-40BF-864C-AF450ACB10BB}.Debug|Any CPU.Build.0 = Debug|Any CPU
		{D7EB56D8-E955-40BF-864C-AF450ACB10BB}.Release|Any CPU.ActiveCfg = Release|Any CPU
		{D7EB56D8-E955-40BF-864C-AF450ACB10BB}.Release|Any CPU.Build.0 = Release|Any CPU
	EndGlobalSection
	GlobalSection(SolutionProperties) = preSolution
		HideSolutionNode = FALSE
	EndGlobalSection
	GlobalSection(ExtensibilityGlobals) = postSolution
		SolutionGuid = {DB026878-6E89-4578-9BEF-217D3F9EC74E}
	EndGlobalSection
EndGlobal
